// !$*UTF8*$!
{
	archiveVersion = 1;
	classes = {
	};
	objectVersion = 46;
	objects = {

/* Begin PBXBuildFile section */
		8B6DC3DC1E5EE96200737001 /* NameAndFieldTableCell.swift in Sources */ = {isa = PBXBuildFile; fileRef = 8B6DC3DB1E5EE96200737001 /* NameAndFieldTableCell.swift */; };
		8B6DC3DE1E5EEB1400737001 /* NameAndSegControlTableCell.swift in Sources */ = {isa = PBXBuildFile; fileRef = 8B6DC3DD1E5EEB1400737001 /* NameAndSegControlTableCell.swift */; };
		8B6DC3E21E5EF1E000737001 /* ButtonTableCell.swift in Sources */ = {isa = PBXBuildFile; fileRef = 8B6DC3E11E5EF1E000737001 /* ButtonTableCell.swift */; };
		8B7052221E5C5E6D0085ACFC /* User.swift in Sources */ = {isa = PBXBuildFile; fileRef = 8B7052211E5C5E6D0085ACFC /* User.swift */; };
		8B7052241E5C5E7F0085ACFC /* Ad.swift in Sources */ = {isa = PBXBuildFile; fileRef = 8B7052231E5C5E7F0085ACFC /* Ad.swift */; };
		8B7769461E5DB6F300FCBA01 /* ProfileViewController.swift in Sources */ = {isa = PBXBuildFile; fileRef = 8B7769451E5DB6F300FCBA01 /* ProfileViewController.swift */; };
		8B8499D71E486D4000BA22AE /* AppDelegate.swift in Sources */ = {isa = PBXBuildFile; fileRef = 8B8499D61E486D4000BA22AE /* AppDelegate.swift */; };
		8B8499D91E486D4000BA22AE /* LocationViewController.swift in Sources */ = {isa = PBXBuildFile; fileRef = 8B8499D81E486D4000BA22AE /* LocationViewController.swift */; };
		8B8499DE1E486D4000BA22AE /* Assets.xcassets in Resources */ = {isa = PBXBuildFile; fileRef = 8B8499DD1E486D4000BA22AE /* Assets.xcassets */; };
		8B8499E11E486D4000BA22AE /* LaunchScreen.storyboard in Resources */ = {isa = PBXBuildFile; fileRef = 8B8499DF1E486D4000BA22AE /* LaunchScreen.storyboard */; };
		8B8499E91E486DAD00BA22AE /* GoogleService-Info.plist in Resources */ = {isa = PBXBuildFile; fileRef = 8B8499E81E486DAD00BA22AE /* GoogleService-Info.plist */; };
		8B8499EB1E48843B00BA22AE /* Main.storyboard in Resources */ = {isa = PBXBuildFile; fileRef = 8B8499EA1E48843B00BA22AE /* Main.storyboard */; };
		8B8C52231E549693007480BC /* NavigationController.swift in Sources */ = {isa = PBXBuildFile; fileRef = 8B8C52221E549693007480BC /* NavigationController.swift */; };
		8B8C52251E549808007480BC /* Utilities.swift in Sources */ = {isa = PBXBuildFile; fileRef = 8B8C52241E549808007480BC /* Utilities.swift */; };
		8B8F756A1E5733D60012C2CA /* LoginViewController.swift in Sources */ = {isa = PBXBuildFile; fileRef = 8B8F75691E5733D60012C2CA /* LoginViewController.swift */; };
		8B8F756D1E57358A0012C2CA /* Constants.swift in Sources */ = {isa = PBXBuildFile; fileRef = 8B8F756C1E57358A0012C2CA /* Constants.swift */; };
		8BAA8EE31E5363EF0022F1A4 /* TabBarViewController.swift in Sources */ = {isa = PBXBuildFile; fileRef = 8BAA8EE21E5363EF0022F1A4 /* TabBarViewController.swift */; };
		8BAA8EE81E5364E50022F1A4 /* ServerManager.swift in Sources */ = {isa = PBXBuildFile; fileRef = 8BAA8EE71E5364E50022F1A4 /* ServerManager.swift */; };
		8BAA8EEA1E53664A0022F1A4 /* ServerObject.swift in Sources */ = {isa = PBXBuildFile; fileRef = 8BAA8EE91E53664A0022F1A4 /* ServerObject.swift */; };
		BC16535A168A636E56729059 /* Pods_WorkOutThere.framework in Frameworks */ = {isa = PBXBuildFile; fileRef = F11CF5271A56E62AB3A2D517 /* Pods_WorkOutThere.framework */; };
/* End PBXBuildFile section */

/* Begin PBXFileReference section */
		029F7E1A1BC0CE33C916405D /* Pods-WorkOutThere.release.xcconfig */ = {isa = PBXFileReference; includeInIndex = 1; lastKnownFileType = text.xcconfig; name = "Pods-WorkOutThere.release.xcconfig"; path = "Pods/Target Support Files/Pods-WorkOutThere/Pods-WorkOutThere.release.xcconfig"; sourceTree = "<group>"; };
		8B6DC3DB1E5EE96200737001 /* NameAndFieldTableCell.swift */ = {isa = PBXFileReference; fileEncoding = 4; lastKnownFileType = sourcecode.swift; path = NameAndFieldTableCell.swift; sourceTree = "<group>"; };
		8B6DC3DD1E5EEB1400737001 /* NameAndSegControlTableCell.swift */ = {isa = PBXFileReference; fileEncoding = 4; lastKnownFileType = sourcecode.swift; path = NameAndSegControlTableCell.swift; sourceTree = "<group>"; };
		8B6DC3E11E5EF1E000737001 /* ButtonTableCell.swift */ = {isa = PBXFileReference; fileEncoding = 4; lastKnownFileType = sourcecode.swift; path = ButtonTableCell.swift; sourceTree = "<group>"; };
		8B7052211E5C5E6D0085ACFC /* User.swift */ = {isa = PBXFileReference; fileEncoding = 4; lastKnownFileType = sourcecode.swift; path = User.swift; sourceTree = "<group>"; };
		8B7052231E5C5E7F0085ACFC /* Ad.swift */ = {isa = PBXFileReference; fileEncoding = 4; lastKnownFileType = sourcecode.swift; path = Ad.swift; sourceTree = "<group>"; };
		8B7769451E5DB6F300FCBA01 /* ProfileViewController.swift */ = {isa = PBXFileReference; fileEncoding = 4; lastKnownFileType = sourcecode.swift; path = ProfileViewController.swift; sourceTree = "<group>"; };
		8B8499D31E486D4000BA22AE /* WorkOutThere.app */ = {isa = PBXFileReference; explicitFileType = wrapper.application; includeInIndex = 0; path = WorkOutThere.app; sourceTree = BUILT_PRODUCTS_DIR; };
		8B8499D61E486D4000BA22AE /* AppDelegate.swift */ = {isa = PBXFileReference; lastKnownFileType = sourcecode.swift; path = AppDelegate.swift; sourceTree = "<group>"; };
		8B8499D81E486D4000BA22AE /* LocationViewController.swift */ = {isa = PBXFileReference; lastKnownFileType = sourcecode.swift; path = LocationViewController.swift; sourceTree = "<group>"; };
		8B8499DD1E486D4000BA22AE /* Assets.xcassets */ = {isa = PBXFileReference; lastKnownFileType = folder.assetcatalog; path = Assets.xcassets; sourceTree = "<group>"; };
		8B8499E01E486D4000BA22AE /* Base */ = {isa = PBXFileReference; lastKnownFileType = file.storyboard; name = Base; path = Base.lproj/LaunchScreen.storyboard; sourceTree = "<group>"; };
		8B8499E21E486D4000BA22AE /* Info.plist */ = {isa = PBXFileReference; lastKnownFileType = text.plist.xml; path = Info.plist; sourceTree = "<group>"; };
		8B8499E81E486DAD00BA22AE /* GoogleService-Info.plist */ = {isa = PBXFileReference; fileEncoding = 4; lastKnownFileType = text.plist.xml; path = "GoogleService-Info.plist"; sourceTree = "<group>"; };
		8B8499EA1E48843B00BA22AE /* Main.storyboard */ = {isa = PBXFileReference; fileEncoding = 4; lastKnownFileType = file.storyboard; name = Main.storyboard; path = ../Main.storyboard; sourceTree = "<group>"; };
		8B8C52221E549693007480BC /* NavigationController.swift */ = {isa = PBXFileReference; fileEncoding = 4; lastKnownFileType = sourcecode.swift; path = NavigationController.swift; sourceTree = "<group>"; };
		8B8C52241E549808007480BC /* Utilities.swift */ = {isa = PBXFileReference; fileEncoding = 4; lastKnownFileType = sourcecode.swift; path = Utilities.swift; sourceTree = "<group>"; };
		8B8F75691E5733D60012C2CA /* LoginViewController.swift */ = {isa = PBXFileReference; fileEncoding = 4; lastKnownFileType = sourcecode.swift; path = LoginViewController.swift; sourceTree = "<group>"; };
		8B8F756C1E57358A0012C2CA /* Constants.swift */ = {isa = PBXFileReference; fileEncoding = 4; lastKnownFileType = sourcecode.swift; path = Constants.swift; sourceTree = "<group>"; };
		8BAA8EE21E5363EF0022F1A4 /* TabBarViewController.swift */ = {isa = PBXFileReference; fileEncoding = 4; lastKnownFileType = sourcecode.swift; path = TabBarViewController.swift; sourceTree = "<group>"; };
		8BAA8EE71E5364E50022F1A4 /* ServerManager.swift */ = {isa = PBXFileReference; fileEncoding = 4; lastKnownFileType = sourcecode.swift; path = ServerManager.swift; sourceTree = "<group>"; };
		8BAA8EE91E53664A0022F1A4 /* ServerObject.swift */ = {isa = PBXFileReference; fileEncoding = 4; lastKnownFileType = sourcecode.swift; path = ServerObject.swift; sourceTree = "<group>"; };
		BFCBDC87984548AC3EFBB249 /* Pods-WorkOutThere.debug.xcconfig */ = {isa = PBXFileReference; includeInIndex = 1; lastKnownFileType = text.xcconfig; name = "Pods-WorkOutThere.debug.xcconfig"; path = "Pods/Target Support Files/Pods-WorkOutThere/Pods-WorkOutThere.debug.xcconfig"; sourceTree = "<group>"; };
		F11CF5271A56E62AB3A2D517 /* Pods_WorkOutThere.framework */ = {isa = PBXFileReference; explicitFileType = wrapper.framework; includeInIndex = 0; path = Pods_WorkOutThere.framework; sourceTree = BUILT_PRODUCTS_DIR; };
/* End PBXFileReference section */

/* Begin PBXFrameworksBuildPhase section */
		8B8499D01E486D4000BA22AE /* Frameworks */ = {
			isa = PBXFrameworksBuildPhase;
			buildActionMask = 2147483647;
			files = (
				BC16535A168A636E56729059 /* Pods_WorkOutThere.framework in Frameworks */,
			);
			runOnlyForDeploymentPostprocessing = 0;
		};
/* End PBXFrameworksBuildPhase section */

/* Begin PBXGroup section */
		450DA39D0ADAC16277BB0E33 /* Pods */ = {
			isa = PBXGroup;
			children = (
				BFCBDC87984548AC3EFBB249 /* Pods-WorkOutThere.debug.xcconfig */,
				029F7E1A1BC0CE33C916405D /* Pods-WorkOutThere.release.xcconfig */,
			);
			name = Pods;
			sourceTree = "<group>";
		};
		8B6CCAA31E55D2630040BA37 /* Settings */ = {
			isa = PBXGroup;
			children = (
			);
			name = Settings;
			sourceTree = "<group>";
		};
		8B6CCAA41E55D2650040BA37 /* Profile */ = {
			isa = PBXGroup;
			children = (
				8B8F75691E5733D60012C2CA /* LoginViewController.swift */,
				8B7769451E5DB6F300FCBA01 /* ProfileViewController.swift */,
			);
			name = Profile;
			sourceTree = "<group>";
		};
		8B6CCAA51E55D2670040BA37 /* Location */ = {
			isa = PBXGroup;
			children = (
				8B8499D81E486D4000BA22AE /* LocationViewController.swift */,
			);
			name = Location;
			sourceTree = "<group>";
		};
		8B6DC3DA1E5EE90E00737001 /* Profile */ = {
			isa = PBXGroup;
			children = (
				8B6DC3DB1E5EE96200737001 /* NameAndFieldTableCell.swift */,
				8B6DC3DD1E5EEB1400737001 /* NameAndSegControlTableCell.swift */,
				8B6DC3E11E5EF1E000737001 /* ButtonTableCell.swift */,
			);
			name = Profile;
			sourceTree = "<group>";
		};
		8B8499CA1E486D4000BA22AE = {
			isa = PBXGroup;
			children = (
				8B8499D51E486D4000BA22AE /* WorkOutThere */,
				8B8499D41E486D4000BA22AE /* Products */,
				450DA39D0ADAC16277BB0E33 /* Pods */,
				E768A9C9F2E2A797CE25A14B /* Frameworks */,
			);
			sourceTree = "<group>";
		};
		8B8499D41E486D4000BA22AE /* Products */ = {
			isa = PBXGroup;
			children = (
				8B8499D31E486D4000BA22AE /* WorkOutThere.app */,
			);
			name = Products;
			sourceTree = "<group>";
		};
		8B8499D51E486D4000BA22AE /* WorkOutThere */ = {
			isa = PBXGroup;
			children = (
				8B8499D61E486D4000BA22AE /* AppDelegate.swift */,
				8BAA8EE41E53649B0022F1A4 /* Models */,
				8BAA8EE51E5364A10022F1A4 /* Views */,
				8BAA8EE61E5364A80022F1A4 /* Controllers */,
				8B8F756B1E5735420012C2CA /* Helpers */,
				8B8499EA1E48843B00BA22AE /* Main.storyboard */,
				8B8499DD1E486D4000BA22AE /* Assets.xcassets */,
				8B8499DF1E486D4000BA22AE /* LaunchScreen.storyboard */,
				8B8499E21E486D4000BA22AE /* Info.plist */,
				8B8499E81E486DAD00BA22AE /* GoogleService-Info.plist */,
			);
			path = WorkOutThere;
			sourceTree = "<group>";
		};
		8B8F756B1E5735420012C2CA /* Helpers */ = {
			isa = PBXGroup;
			children = (
				8BAA8EE71E5364E50022F1A4 /* ServerManager.swift */,
				8B8C52241E549808007480BC /* Utilities.swift */,
				8B8F756C1E57358A0012C2CA /* Constants.swift */,
			);
			name = Helpers;
			sourceTree = "<group>";
		};
		8BAA8EE41E53649B0022F1A4 /* Models */ = {
			isa = PBXGroup;
			children = (
				8BAA8EE91E53664A0022F1A4 /* ServerObject.swift */,
				8B7052211E5C5E6D0085ACFC /* User.swift */,
				8B7052231E5C5E7F0085ACFC /* Ad.swift */,
			);
			name = Models;
			sourceTree = "<group>";
		};
		8BAA8EE51E5364A10022F1A4 /* Views */ = {
			isa = PBXGroup;
			children = (
				8B6DC3DA1E5EE90E00737001 /* Profile */,
			);
			name = Views;
			sourceTree = "<group>";
		};
		8BAA8EE61E5364A80022F1A4 /* Controllers */ = {
			isa = PBXGroup;
			children = (
				8BAA8EE21E5363EF0022F1A4 /* TabBarViewController.swift */,
				8B8C52221E549693007480BC /* NavigationController.swift */,
				8B6CCAA51E55D2670040BA37 /* Location */,
				8B6CCAA41E55D2650040BA37 /* Profile */,
				8B6CCAA31E55D2630040BA37 /* Settings */,
			);
			name = Controllers;
			sourceTree = "<group>";
		};
		E768A9C9F2E2A797CE25A14B /* Frameworks */ = {
			isa = PBXGroup;
			children = (
				F11CF5271A56E62AB3A2D517 /* Pods_WorkOutThere.framework */,
			);
			name = Frameworks;
			sourceTree = "<group>";
		};
/* End PBXGroup section */

/* Begin PBXNativeTarget section */
		8B8499D21E486D4000BA22AE /* WorkOutThere */ = {
			isa = PBXNativeTarget;
			buildConfigurationList = 8B8499E51E486D4000BA22AE /* Build configuration list for PBXNativeTarget "WorkOutThere" */;
			buildPhases = (
				0AD2F8819E7D2041177D03AF /* [CP] Check Pods Manifest.lock */,
				8B8499CF1E486D4000BA22AE /* Sources */,
				8B8499D01E486D4000BA22AE /* Frameworks */,
				8B8499D11E486D4000BA22AE /* Resources */,
				3C12AEF8BCBE14003CAEF22A /* [CP] Embed Pods Frameworks */,
				2C91BDE6098EA09479970B54 /* [CP] Copy Pods Resources */,
			);
			buildRules = (
			);
			dependencies = (
			);
			name = WorkOutThere;
			productName = WorkOutThere;
			productReference = 8B8499D31E486D4000BA22AE /* WorkOutThere.app */;
			productType = "com.apple.product-type.application";
		};
/* End PBXNativeTarget section */

/* Begin PBXProject section */
		8B8499CB1E486D4000BA22AE /* Project object */ = {
			isa = PBXProject;
			attributes = {
				LastSwiftUpdateCheck = 0820;
				LastUpgradeCheck = 0820;
				ORGANIZATIONNAME = "Oleh Veheria";
				TargetAttributes = {
					8B8499D21E486D4000BA22AE = {
						CreatedOnToolsVersion = 8.2.1;
						DevelopmentTeam = FD594T79V7;
						ProvisioningStyle = Automatic;
					};
				};
			};
			buildConfigurationList = 8B8499CE1E486D4000BA22AE /* Build configuration list for PBXProject "WorkOutThere" */;
			compatibilityVersion = "Xcode 3.2";
			developmentRegion = English;
			hasScannedForEncodings = 0;
			knownRegions = (
				en,
				Base,
			);
			mainGroup = 8B8499CA1E486D4000BA22AE;
			productRefGroup = 8B8499D41E486D4000BA22AE /* Products */;
			projectDirPath = "";
			projectRoot = "";
			targets = (
				8B8499D21E486D4000BA22AE /* WorkOutThere */,
			);
		};
/* End PBXProject section */

/* Begin PBXResourcesBuildPhase section */
		8B8499D11E486D4000BA22AE /* Resources */ = {
			isa = PBXResourcesBuildPhase;
			buildActionMask = 2147483647;
			files = (
				8B8499E11E486D4000BA22AE /* LaunchScreen.storyboard in Resources */,
				8B8499E91E486DAD00BA22AE /* GoogleService-Info.plist in Resources */,
				8B8499EB1E48843B00BA22AE /* Main.storyboard in Resources */,
				8B8499DE1E486D4000BA22AE /* Assets.xcassets in Resources */,
			);
			runOnlyForDeploymentPostprocessing = 0;
		};
/* End PBXResourcesBuildPhase section */

/* Begin PBXShellScriptBuildPhase section */
		0AD2F8819E7D2041177D03AF /* [CP] Check Pods Manifest.lock */ = {
			isa = PBXShellScriptBuildPhase;
			buildActionMask = 2147483647;
			files = (
			);
			inputPaths = (
			);
			name = "[CP] Check Pods Manifest.lock";
			outputPaths = (
			);
			runOnlyForDeploymentPostprocessing = 0;
			shellPath = /bin/sh;
			shellScript = "diff \"${PODS_ROOT}/../Podfile.lock\" \"${PODS_ROOT}/Manifest.lock\" > /dev/null\nif [ $? != 0 ] ; then\n    # print error to STDERR\n    echo \"error: The sandbox is not in sync with the Podfile.lock. Run 'pod install' or update your CocoaPods installation.\" >&2\n    exit 1\nfi\n";
			showEnvVarsInLog = 0;
		};
		2C91BDE6098EA09479970B54 /* [CP] Copy Pods Resources */ = {
			isa = PBXShellScriptBuildPhase;
			buildActionMask = 2147483647;
			files = (
			);
			inputPaths = (
			);
			name = "[CP] Copy Pods Resources";
			outputPaths = (
			);
			runOnlyForDeploymentPostprocessing = 0;
			shellPath = /bin/sh;
			shellScript = "\"${SRCROOT}/Pods/Target Support Files/Pods-WorkOutThere/Pods-WorkOutThere-resources.sh\"\n";
			showEnvVarsInLog = 0;
		};
		3C12AEF8BCBE14003CAEF22A /* [CP] Embed Pods Frameworks */ = {
			isa = PBXShellScriptBuildPhase;
			buildActionMask = 2147483647;
			files = (
			);
			inputPaths = (
			);
			name = "[CP] Embed Pods Frameworks";
			outputPaths = (
			);
			runOnlyForDeploymentPostprocessing = 0;
			shellPath = /bin/sh;
			shellScript = "\"${SRCROOT}/Pods/Target Support Files/Pods-WorkOutThere/Pods-WorkOutThere-frameworks.sh\"\n";
			showEnvVarsInLog = 0;
		};
/* End PBXShellScriptBuildPhase section */

/* Begin PBXSourcesBuildPhase section */
		8B8499CF1E486D4000BA22AE /* Sources */ = {
			isa = PBXSourcesBuildPhase;
			buildActionMask = 2147483647;
			files = (
				8BAA8EE81E5364E50022F1A4 /* ServerManager.swift in Sources */,
				8B7052241E5C5E7F0085ACFC /* Ad.swift in Sources */,
				8B6DC3E21E5EF1E000737001 /* ButtonTableCell.swift in Sources */,
				8B8C52231E549693007480BC /* NavigationController.swift in Sources */,
				8B8C52251E549808007480BC /* Utilities.swift in Sources */,
				8B6DC3DE1E5EEB1400737001 /* NameAndSegControlTableCell.swift in Sources */,
				8B6DC3DC1E5EE96200737001 /* NameAndFieldTableCell.swift in Sources */,
				8B8499D91E486D4000BA22AE /* LocationViewController.swift in Sources */,
				8BAA8EEA1E53664A0022F1A4 /* ServerObject.swift in Sources */,
				8B7769461E5DB6F300FCBA01 /* ProfileViewController.swift in Sources */,
				8BAA8EE31E5363EF0022F1A4 /* TabBarViewController.swift in Sources */,
				8B8F756A1E5733D60012C2CA /* LoginViewController.swift in Sources */,
				8B8499D71E486D4000BA22AE /* AppDelegate.swift in Sources */,
				8B7052221E5C5E6D0085ACFC /* User.swift in Sources */,
				8B8F756D1E57358A0012C2CA /* Constants.swift in Sources */,
			);
			runOnlyForDeploymentPostprocessing = 0;
		};
/* End PBXSourcesBuildPhase section */

/* Begin PBXVariantGroup section */
		8B8499DF1E486D4000BA22AE /* LaunchScreen.storyboard */ = {
			isa = PBXVariantGroup;
			children = (
				8B8499E01E486D4000BA22AE /* Base */,
			);
			name = LaunchScreen.storyboard;
			sourceTree = "<group>";
		};
/* End PBXVariantGroup section */

/* Begin XCBuildConfiguration section */
		8B8499E31E486D4000BA22AE /* Debug */ = {
			isa = XCBuildConfiguration;
			buildSettings = {
				ALWAYS_SEARCH_USER_PATHS = NO;
				CLANG_ANALYZER_NONNULL = YES;
				CLANG_CXX_LANGUAGE_STANDARD = "gnu++0x";
				CLANG_CXX_LIBRARY = "libc++";
				CLANG_ENABLE_MODULES = YES;
				CLANG_ENABLE_OBJC_ARC = YES;
				CLANG_WARN_BOOL_CONVERSION = YES;
				CLANG_WARN_CONSTANT_CONVERSION = YES;
				CLANG_WARN_DIRECT_OBJC_ISA_USAGE = YES_ERROR;
				CLANG_WARN_DOCUMENTATION_COMMENTS = YES;
				CLANG_WARN_EMPTY_BODY = YES;
				CLANG_WARN_ENUM_CONVERSION = YES;
				CLANG_WARN_INFINITE_RECURSION = YES;
				CLANG_WARN_INT_CONVERSION = YES;
				CLANG_WARN_OBJC_ROOT_CLASS = YES_ERROR;
				CLANG_WARN_SUSPICIOUS_MOVE = YES;
				CLANG_WARN_UNREACHABLE_CODE = YES;
				CLANG_WARN__DUPLICATE_METHOD_MATCH = YES;
				"CODE_SIGN_IDENTITY[sdk=iphoneos*]" = "iPhone Developer";
				COPY_PHASE_STRIP = NO;
				DEBUG_INFORMATION_FORMAT = dwarf;
				ENABLE_STRICT_OBJC_MSGSEND = YES;
				ENABLE_TESTABILITY = YES;
				GCC_C_LANGUAGE_STANDARD = gnu99;
				GCC_DYNAMIC_NO_PIC = NO;
				GCC_NO_COMMON_BLOCKS = YES;
				GCC_OPTIMIZATION_LEVEL = 0;
				GCC_PREPROCESSOR_DEFINITIONS = (
					"DEBUG=1",
					"$(inherited)",
				);
				GCC_WARN_64_TO_32_BIT_CONVERSION = YES;
				GCC_WARN_ABOUT_RETURN_TYPE = YES_ERROR;
				GCC_WARN_UNDECLARED_SELECTOR = YES;
				GCC_WARN_UNINITIALIZED_AUTOS = YES_AGGRESSIVE;
				GCC_WARN_UNUSED_FUNCTION = YES;
				GCC_WARN_UNUSED_VARIABLE = YES;
				IPHONEOS_DEPLOYMENT_TARGET = 10.2;
				MTL_ENABLE_DEBUG_INFO = YES;
				ONLY_ACTIVE_ARCH = YES;
				SDKROOT = iphoneos;
				SWIFT_ACTIVE_COMPILATION_CONDITIONS = DEBUG;
				SWIFT_OPTIMIZATION_LEVEL = "-Onone";
				TARGETED_DEVICE_FAMILY = "1,2";
			};
			name = Debug;
		};
		8B8499E41E486D4000BA22AE /* Release */ = {
			isa = XCBuildConfiguration;
			buildSettings = {
				ALWAYS_SEARCH_USER_PATHS = NO;
				CLANG_ANALYZER_NONNULL = YES;
				CLANG_CXX_LANGUAGE_STANDARD = "gnu++0x";
				CLANG_CXX_LIBRARY = "libc++";
				CLANG_ENABLE_MODULES = YES;
				CLANG_ENABLE_OBJC_ARC = YES;
				CLANG_WARN_BOOL_CONVERSION = YES;
				CLANG_WARN_CONSTANT_CONVERSION = YES;
				CLANG_WARN_DIRECT_OBJC_ISA_USAGE = YES_ERROR;
				CLANG_WARN_DOCUMENTATION_COMMENTS = YES;
				CLANG_WARN_EMPTY_BODY = YES;
				CLANG_WARN_ENUM_CONVERSION = YES;
				CLANG_WARN_INFINITE_RECURSION = YES;
				CLANG_WARN_INT_CONVERSION = YES;
				CLANG_WARN_OBJC_ROOT_CLASS = YES_ERROR;
				CLANG_WARN_SUSPICIOUS_MOVE = YES;
				CLANG_WARN_UNREACHABLE_CODE = YES;
				CLANG_WARN__DUPLICATE_METHOD_MATCH = YES;
				"CODE_SIGN_IDENTITY[sdk=iphoneos*]" = "iPhone Developer";
				COPY_PHASE_STRIP = NO;
				DEBUG_INFORMATION_FORMAT = "dwarf-with-dsym";
				ENABLE_NS_ASSERTIONS = NO;
				ENABLE_STRICT_OBJC_MSGSEND = YES;
				GCC_C_LANGUAGE_STANDARD = gnu99;
				GCC_NO_COMMON_BLOCKS = YES;
				GCC_WARN_64_TO_32_BIT_CONVERSION = YES;
				GCC_WARN_ABOUT_RETURN_TYPE = YES_ERROR;
				GCC_WARN_UNDECLARED_SELECTOR = YES;
				GCC_WARN_UNINITIALIZED_AUTOS = YES_AGGRESSIVE;
				GCC_WARN_UNUSED_FUNCTION = YES;
				GCC_WARN_UNUSED_VARIABLE = YES;
				IPHONEOS_DEPLOYMENT_TARGET = 10.2;
				MTL_ENABLE_DEBUG_INFO = NO;
				SDKROOT = iphoneos;
				SWIFT_OPTIMIZATION_LEVEL = "-Owholemodule";
				TARGETED_DEVICE_FAMILY = "1,2";
				VALIDATE_PRODUCT = YES;
			};
			name = Release;
		};
		8B8499E61E486D4000BA22AE /* Debug */ = {
			isa = XCBuildConfiguration;
			baseConfigurationReference = BFCBDC87984548AC3EFBB249 /* Pods-WorkOutThere.debug.xcconfig */;
			buildSettings = {
				ASSETCATALOG_COMPILER_APPICON_NAME = AppIcon;
				DEVELOPMENT_TEAM = FD594T79V7;
				INFOPLIST_FILE = WorkOutThere/Info.plist;
				LD_RUNPATH_SEARCH_PATHS = "$(inherited) @executable_path/Frameworks";
				PRODUCT_BUNDLE_IDENTIFIER = com.olehveheria.WorkOutThere;
				PRODUCT_NAME = "$(TARGET_NAME)";
				SWIFT_VERSION = 3.0;
			};
			name = Debug;
		};
		8B8499E71E486D4000BA22AE /* Release */ = {
			isa = XCBuildConfiguration;
			baseConfigurationReference = 029F7E1A1BC0CE33C916405D /* Pods-WorkOutThere.release.xcconfig */;
			buildSettings = {
				ASSETCATALOG_COMPILER_APPICON_NAME = AppIcon;
				DEVELOPMENT_TEAM = FD594T79V7;
				INFOPLIST_FILE = WorkOutThere/Info.plist;
				LD_RUNPATH_SEARCH_PATHS = "$(inherited) @executable_path/Frameworks";
				PRODUCT_BUNDLE_IDENTIFIER = com.olehveheria.WorkOutThere;
				PRODUCT_NAME = "$(TARGET_NAME)";
				SWIFT_VERSION = 3.0;
			};
			name = Release;
		};
/* End XCBuildConfiguration section */

/* Begin XCConfigurationList section */
		8B8499CE1E486D4000BA22AE /* Build configuration list for PBXProject "WorkOutThere" */ = {
			isa = XCConfigurationList;
			buildConfigurations = (
				8B8499E31E486D4000BA22AE /* Debug */,
				8B8499E41E486D4000BA22AE /* Release */,
			);
			defaultConfigurationIsVisible = 0;
			defaultConfigurationName = Release;
		};
		8B8499E51E486D4000BA22AE /* Build configuration list for PBXNativeTarget "WorkOutThere" */ = {
			isa = XCConfigurationList;
			buildConfigurations = (
				8B8499E61E486D4000BA22AE /* Debug */,
				8B8499E71E486D4000BA22AE /* Release */,
			);
			defaultConfigurationIsVisible = 0;
			defaultConfigurationName = Release;
		};
/* End XCConfigurationList section */
	};
	rootObject = 8B8499CB1E486D4000BA22AE /* Project object */;
}
